# This file was autogenerated by Stack.
# You should not edit this file by hand.
# For more information, please see the documentation at:
#   https://docs.haskellstack.org/en/stable/lock_files

packages:
- completed:
    hackage: megaparsec-9.2.0@sha256:0c272aa13b9f663dbd7b74ef81e9b1f9f05cafde50f5362ce87ffd4913046e0b,3213
    pantry-tree:
      size: 1518
      sha256: 7ca5da73a72d6242375e6bf16f6868e16f5f7f02dd27a0ff12cf7a9422cf2c71
  original:
    hackage: megaparsec-9.2.0@sha256:0c272aa13b9f663dbd7b74ef81e9b1f9f05cafde50f5362ce87ffd4913046e0b,3213
snapshots:
- completed:
    size: 586296
    url: https://raw.githubusercontent.com/commercialhaskell/stackage-snapshots/master/lts/18/18.yaml
    sha256: 63539429076b7ebbab6daa7656cfb079393bf644971156dc349d7c0453694ac2
  original:
    url: https://raw.githubusercontent.com/commercialhaskell/stackage-snapshots/master/lts/18/18.yaml
